Microsoft Visual Studio Solution File, Format Version 12.00
# Visual Studio 2012
Project("{FAE04EC0-301F-11D3-BF4B-00C04F79EFBC}") = "Battle-Card", "Battle-Card.csproj", "{051FEA92-1C87-405B-8970-47A950DD5EE1}"
EndProject
Global
	GlobalSection(SolutionConfigurationPlatforms) = preSolution
	Debug|Any CPU = Debug|Any CPU
	Release|Any CPU = Release|Any CPU
	Tools|Any CPU = Tools|Any CPU
	EndGlobalSection
	GlobalSection(ProjectConfigurationPlatforms) = postSolution
		{051FEA92-1C87-405B-8970-47A950DD5EE1}.Debug|Any CPU.ActiveCfg = Debug|Any CPU
		{051FEA92-1C87-405B-8970-47A950DD5EE1}.Debug|Any CPU.Build.0 = Debug|Any CPU
		{051FEA92-1C87-405B-8970-47A950DD5EE1}.Release|Any CPU.ActiveCfg = Release|Any CPU
		{051FEA92-1C87-405B-8970-47A950DD5EE1}.Release|Any CPU.Build.0 = Release|Any CPU
		{051FEA92-1C87-405B-8970-47A950DD5EE1}.Tools|Any CPU.ActiveCfg = Tools|Any CPU
		{051FEA92-1C87-405B-8970-47A950DD5EE1}.Tools|Any CPU.Build.0 = Tools|Any CPU
	EndGlobalSection
EndGlobal
